
Microsoft Visual Studio Solution File, Format Version 12.00
# Visual Studio Version 17
VisualStudioVersion = 17.6.33723.286
MinimumVisualStudioVersion = 10.0.40219.1
Project("{E24C65DC-7377-472B-9ABA-BC803B73C61A}") = "WCFCalculatorService", ".", "{96680A6E-A334-4B6F-B175-5A5FF4EE5430}"
	ProjectSection(WebsiteProperties) = preProject
		TargetFrameworkMoniker = ".NETFramework,Version%3Dv4.8"
		Debug.AspNetCompiler.VirtualPath = "/localhost_61990"
		Debug.AspNetCompiler.PhysicalPath = "..\WCFCalculatorService\"
		Debug.AspNetCompiler.TargetPath = "PrecompiledWeb\localhost_61990\"
		Debug.AspNetCompiler.Updateable = "true"
		Debug.AspNetCompiler.ForceOverwrite = "true"
		Debug.AspNetCompiler.FixedNames = "false"
		Debug.AspNetCompiler.Debug = "True"
		Release.AspNetCompiler.VirtualPath = "/localhost_61990"
		Release.AspNetCompiler.PhysicalPath = "..\WCFCalculatorService\"
		Release.AspNetCompiler.TargetPath = "PrecompiledWeb\localhost_61990\"
		Release.AspNetCompiler.Updateable = "true"
		Release.AspNetCompiler.ForceOverwrite = "true"
		Release.AspNetCompiler.FixedNames = "false"
		Release.AspNetCompiler.Debug = "False"
		VWDPort = "61990"
		SlnRelativePath = "..\WCFCalculatorService\"
		DefaultWebSiteLanguage = "Visual C#"
	EndProjectSection
EndProject
Global
	GlobalSection(SolutionConfigurationPlatforms) = preSolution
		Debug|Any CPU = Debug|Any CPU
	EndGlobalSection
	GlobalSection(ProjectConfigurationPlatforms) = postSolution
		{96680A6E-A334-4B6F-B175-5A5FF4EE5430}.Debug|Any CPU.ActiveCfg = Debug|Any CPU
		{96680A6E-A334-4B6F-B175-5A5FF4EE5430}.Debug|Any CPU.Build.0 = Debug|Any CPU
	EndGlobalSection
	GlobalSection(SolutionProperties) = preSolution
		HideSolutionNode = FALSE
	EndGlobalSection
	GlobalSection(ExtensibilityGlobals) = postSolution
		SolutionGuid = {A8C05B93-A8FC-499E-97EE-935DCAB514CB}
	EndGlobalSection
EndGlobal
